
Microsoft Visual Studio Solution File, Format Version 12.00
# Visual Studio Version 17
VisualStudioVersion = 17.13.35806.99 d17.13
MinimumVisualStudioVersion = 10.0.40219.1
Project("{FAE04EC0-301F-11D3-BF4B-00C04F79EFBC}") = "estadoCuentaAPI", "estadoCuentaAPI.csproj", "{0CBF1040-36ED-4090-AA7A-E21B6078C48E}"
EndProject
Project("{FAE04EC0-301F-11D3-BF4B-00C04F79EFBC}") = "estadoCuentaUI", "..\estadoCuentaUI\estadoCuentaUI.csproj", "{05AE9CFE-E120-4C4E-AF1C-45E6E670A8D4}"
EndProject
Global
	GlobalSection(SolutionConfigurationPlatforms) = preSolution
		Debug|Any CPU = Debug|Any CPU
		Release|Any CPU = Release|Any CPU
	EndGlobalSection
	GlobalSection(ProjectConfigurationPlatforms) = postSolution
		{0CBF1040-36ED-4090-AA7A-E21B6078C48E}.Debug|Any CPU.ActiveCfg = Debug|Any CPU
		{0CBF1040-36ED-4090-AA7A-E21B6078C48E}.Debug|Any CPU.Build.0 = Debug|Any CPU
		{0CBF1040-36ED-4090-AA7A-E21B6078C48E}.Release|Any CPU.ActiveCfg = Release|Any CPU
		{0CBF1040-36ED-4090-AA7A-E21B6078C48E}.Release|Any CPU.Build.0 = Release|Any CPU
		{05AE9CFE-E120-4C4E-AF1C-45E6E670A8D4}.Debug|Any CPU.ActiveCfg = Debug|Any CPU
		{05AE9CFE-E120-4C4E-AF1C-45E6E670A8D4}.Debug|Any CPU.Build.0 = Debug|Any CPU
		{05AE9CFE-E120-4C4E-AF1C-45E6E670A8D4}.Release|Any CPU.ActiveCfg = Release|Any CPU
		{05AE9CFE-E120-4C4E-AF1C-45E6E670A8D4}.Release|Any CPU.Build.0 = Release|Any CPU
	EndGlobalSection
	GlobalSection(SolutionProperties) = preSolution
		HideSolutionNode = FALSE
	EndGlobalSection
	GlobalSection(ExtensibilityGlobals) = postSolution
		SolutionGuid = {6CD6D8C0-2B10-499E-A393-43F29073E36F}
	EndGlobalSection
EndGlobal
